// !$*UTF8*$!
{
	archiveVersion = 1;
	classes = {
	};
	objectVersion = 46;
	objects = {

/* Begin PBXBuildFile section */
		D2F588E01FC6578F00FB75A6 /* main.m in Sources */ = {isa = PBXBuildFile; fileRef = D2F588DF1FC6578F00FB75A6 /* main.m */; };
		D2F588E31FC6578F00FB75A6 /* AppDelegate.m in Sources */ = {isa = PBXBuildFile; fileRef = D2F588E21FC6578F00FB75A6 /* AppDelegate.m */; };
		D2F588E61FC6578F00FB75A6 /* ViewController.m in Sources */ = {isa = PBXBuildFile; fileRef = D2F588E51FC6578F00FB75A6 /* ViewController.m */; };
		D2F588E91FC6578F00FB75A6 /* Main.storyboard in Resources */ = {isa = PBXBuildFile; fileRef = D2F588E71FC6578F00FB75A6 /* Main.storyboard */; };
		D2F588EB1FC6578F00FB75A6 /* Assets.xcassets in Resources */ = {isa = PBXBuildFile; fileRef = D2F588EA1FC6578F00FB75A6 /* Assets.xcassets */; };
		D2F588EE1FC6578F00FB75A6 /* LaunchScreen.storyboard in Resources */ = {isa = PBXBuildFile; fileRef = D2F588EC1FC6578F00FB75A6 /* LaunchScreen.storyboard */; };
		D2F588F91FC6578F00FB75A6 /* CAShapeLayerDemoTests.m in Sources */ = {isa = PBXBuildFile; fileRef = D2F588F81FC6578F00FB75A6 /* CAShapeLayerDemoTests.m */; };
		D2F589041FC6578F00FB75A6 /* CAShapeLayerDemoUITests.m in Sources */ = {isa = PBXBuildFile; fileRef = D2F589031FC6578F00FB75A6 /* CAShapeLayerDemoUITests.m */; };
/* End PBXBuildFile section */

/* Begin PBXContainerItemProxy section */
		D2F588F51FC6578F00FB75A6 /* PBXContainerItemProxy */ = {
			isa = PBXContainerItemProxy;
			containerPortal = D2F588D31FC6578F00FB75A6 /* Project object */;
			proxyType = 1;
			remoteGlobalIDString = D2F588DA1FC6578F00FB75A6;
			remoteInfo = CAShapeLayerDemo;
		};
		D2F589001FC6578F00FB75A6 /* PBXContainerItemProxy */ = {
			isa = PBXContainerItemProxy;
			containerPortal = D2F588D31FC6578F00FB75A6 /* Project object */;
			proxyType = 1;
			remoteGlobalIDString = D2F588DA1FC6578F00FB75A6;
			remoteInfo = CAShapeLayerDemo;
		};
/* End PBXContainerItemProxy section */

/* Begin PBXFileReference section */
		D2F588DB1FC6578F00FB75A6 /* CAShapeLayerDemo.app */ = {isa = PBXFileReference; explicitFileType = wrapper.application; includeInIndex = 0; path = CAShapeLayerDemo.app; sourceTree = BUILT_PRODUCTS_DIR; };
		D2F588DF1FC6578F00FB75A6 /* main.m */ = {isa = PBXFileReference; lastKnownFileType = sourcecode.c.objc; path = main.m; sourceTree = "<group>"; };
		D2F588E11FC6578F00FB75A6 /* AppDelegate.h */ = {isa = PBXFileReference; lastKnownFileType = sourcecode.c.h; path = AppDelegate.h; sourceTree = "<group>"; };
		D2F588E21FC6578F00FB75A6 /* AppDelegate.m */ = {isa = PBXFileReference; lastKnownFileType = sourcecode.c.objc; path = AppDelegate.m; sourceTree = "<group>"; };
		D2F588E41FC6578F00FB75A6 /* ViewController.h */ = {isa = PBXFileReference; lastKnownFileType = sourcecode.c.h; path = ViewController.h; sourceTree = "<group>"; };
		D2F588E51FC6578F00FB75A6 /* ViewController.m */ = {isa = PBXFileReference; lastKnownFileType = sourcecode.c.objc; path = ViewController.m; sourceTree = "<group>"; };
		D2F588E81FC6578F00FB75A6 /* Base */ = {isa = PBXFileReference; lastKnownFileType = file.storyboard; name = Base; path = Base.lproj/Main.storyboard; sourceTree = "<group>"; };
		D2F588EA1FC6578F00FB75A6 /* Assets.xcassets */ = {isa = PBXFileReference; lastKnownFileType = folder.assetcatalog; path = Assets.xcassets; sourceTree = "<group>"; };
		D2F588ED1FC6578F00FB75A6 /* Base */ = {isa = PBXFileReference; lastKnownFileType = file.storyboard; name = Base; path = Base.lproj/LaunchScreen.storyboard; sourceTree = "<group>"; };
		D2F588EF1FC6578F00FB75A6 /* Info.plist */ = {isa = PBXFileReference; lastKnownFileType = text.plist.xml; path = Info.plist; sourceTree = "<group>"; };
		D2F588F41FC6578F00FB75A6 /* CAShapeLayerDemoTests.xctest */ = {isa = PBXFileReference; explicitFileType = wrapper.cfbundle; includeInIndex = 0; path = CAShapeLayerDemoTests.xctest; sourceTree = BUILT_PRODUCTS_DIR; };
		D2F588F81FC6578F00FB75A6 /* CAShapeLayerDemoTests.m */ = {isa = PBXFileReference; lastKnownFileType = sourcecode.c.objc; path = CAShapeLayerDemoTests.m; sourceTree = "<group>"; };
		D2F588FA1FC6578F00FB75A6 /* Info.plist */ = {isa = PBXFileReference; lastKnownFileType = text.plist.xml; path = Info.plist; sourceTree = "<group>"; };
		D2F588FF1FC6578F00FB75A6 /* CAShapeLayerDemoUITests.xctest */ = {isa = PBXFileReference; explicitFileType = wrapper.cfbundle; includeInIndex = 0; path = CAShapeLayerDemoUITests.xctest; sourceTree = BUILT_PRODUCTS_DIR; };
		D2F589031FC6578F00FB75A6 /* CAShapeLayerDemoUITests.m */ = {isa = PBXFileReference; lastKnownFileType = sourcecode.c.objc; path = CAShapeLayerDemoUITests.m; sourceTree = "<group>"; };
		D2F589051FC6578F00FB75A6 /* Info.plist */ = {isa = PBXFileReference; lastKnownFileType = text.plist.xml; path = Info.plist; sourceTree = "<group>"; };
/* End PBXFileReference section */

/* Begin PBXFrameworksBuildPhase section */
		D2F588D81FC6578F00FB75A6 /* Frameworks */ = {
			isa = PBXFrameworksBuildPhase;
			buildActionMask = 2147483647;
			files = (
			);
			runOnlyForDeploymentPostprocessing = 0;
		};
		D2F588F11FC6578F00FB75A6 /* Frameworks */ = {
			isa = PBXFrameworksBuildPhase;
			buildActionMask = 2147483647;
			files = (
			);
			runOnlyForDeploymentPostprocessing = 0;
		};
		D2F588FC1FC6578F00FB75A6 /* Frameworks */ = {
			isa = PBXFrameworksBuildPhase;
			buildActionMask = 2147483647;
			files = (
			);
			runOnlyForDeploymentPostprocessing = 0;
		};
/* End PBXFrameworksBuildPhase section */

/* Begin PBXGroup section */
		D2F588D21FC6578F00FB75A6 = {
			isa = PBXGroup;
			children = (
				D2F588DD1FC6578F00FB75A6 /* CAShapeLayerDemo */,
				D2F588F71FC6578F00FB75A6 /* CAShapeLayerDemoTests */,
				D2F589021FC6578F00FB75A6 /* CAShapeLayerDemoUITests */,
				D2F588DC1FC6578F00FB75A6 /* Products */,
			);
			sourceTree = "<group>";
		};
		D2F588DC1FC6578F00FB75A6 /* Products */ = {
			isa = PBXGroup;
			children = (
				D2F588DB1FC6578F00FB75A6 /* CAShapeLayerDemo.app */,
				D2F588F41FC6578F00FB75A6 /* CAShapeLayerDemoTests.xctest */,
				D2F588FF1FC6578F00FB75A6 /* CAShapeLayerDemoUITests.xctest */,
			);
			name = Products;
			sourceTree = "<group>";
		};
		D2F588DD1FC6578F00FB75A6 /* CAShapeLayerDemo */ = {
			isa = PBXGroup;
			children = (
				D2F588E11FC6578F00FB75A6 /* AppDelegate.h */,
				D2F588E21FC6578F00FB75A6 /* AppDelegate.m */,
				D2F588E41FC6578F00FB75A6 /* ViewController.h */,
				D2F588E51FC6578F00FB75A6 /* ViewController.m */,
				D2F588E71FC6578F00FB75A6 /* Main.storyboard */,
				D2F588EA1FC6578F00FB75A6 /* Assets.xcassets */,
				D2F588EC1FC6578F00FB75A6 /* LaunchScreen.storyboard */,
				D2F588EF1FC6578F00FB75A6 /* Info.plist */,
				D2F588DE1FC6578F00FB75A6 /* Supporting Files */,
			);
			path = CAShapeLayerDemo;
			sourceTree = "<group>";
		};
		D2F588DE1FC6578F00FB75A6 /* Supporting Files */ = {
			isa = PBXGroup;
			children = (
				D2F588DF1FC6578F00FB75A6 /* main.m */,
			);
			name = "Supporting Files";
			sourceTree = "<group>";
		};
		D2F588F71FC6578F00FB75A6 /* CAShapeLayerDemoTests */ = {
			isa = PBXGroup;
			children = (
				D2F588F81FC6578F00FB75A6 /* CAShapeLayerDemoTests.m */,
				D2F588FA1FC6578F00FB75A6 /* Info.plist */,
			);
			path = CAShapeLayerDemoTests;
			sourceTree = "<group>";
		};
		D2F589021FC6578F00FB75A6 /* CAShapeLayerDemoUITests */ = {
			isa = PBXGroup;
			children = (
				D2F589031FC6578F00FB75A6 /* CAShapeLayerDemoUITests.m */,
				D2F589051FC6578F00FB75A6 /* Info.plist */,
			);
			path = CAShapeLayerDemoUITests;
			sourceTree = "<group>";
		};
/* End PBXGroup section */

/* Begin PBXNativeTarget section */
		D2F588DA1FC6578F00FB75A6 /* CAShapeLayerDemo */ = {
			isa = PBXNativeTarget;
			buildConfigurationList = D2F589081FC6578F00FB75A6 /* Build configuration list for PBXNativeTarget "CAShapeLayerDemo" */;
			buildPhases = (
				D2F588D71FC6578F00FB75A6 /* Sources */,
				D2F588D81FC6578F00FB75A6 /* Frameworks */,
				D2F588D91FC6578F00FB75A6 /* Resources */,
			);
			buildRules = (
			);
			dependencies = (
			);
			name = CAShapeLayerDemo;
			productName = CAShapeLayerDemo;
			productReference = D2F588DB1FC6578F00FB75A6 /* CAShapeLayerDemo.app */;
			productType = "com.apple.product-type.application";
		};
		D2F588F31FC6578F00FB75A6 /* CAShapeLayerDemoTests */ = {
			isa = PBXNativeTarget;
			buildConfigurationList = D2F5890B1FC6578F00FB75A6 /* Build configuration list for PBXNativeTarget "CAShapeLayerDemoTests" */;
			buildPhases = (
				D2F588F01FC6578F00FB75A6 /* Sources */,
				D2F588F11FC6578F00FB75A6 /* Frameworks */,
				D2F588F21FC6578F00FB75A6 /* Resources */,
			);
			buildRules = (
			);
			dependencies = (
				D2F588F61FC6578F00FB75A6 /* PBXTargetDependency */,
			);
			name = CAShapeLayerDemoTests;
			productName = CAShapeLayerDemoTests;
			productReference = D2F588F41FC6578F00FB75A6 /* CAShapeLayerDemoTests.xctest */;
			productType = "com.apple.product-type.bundle.unit-test";
		};
		D2F588FE1FC6578F00FB75A6 /* CAShapeLayerDemoUITests */ = {
			isa = PBXNativeTarget;
			buildConfigurationList = D2F5890E1FC6578F00FB75A6 /* Build configuration list for PBXNativeTarget "CAShapeLayerDemoUITests" */;
			buildPhases = (
				D2F588FB1FC6578F00FB75A6 /* Sources */,
				D2F588FC1FC6578F00FB75A6 /* Frameworks */,
				D2F588FD1FC6578F00FB75A6 /* Resources */,
			);
			buildRules = (
			);
			dependencies = (
				D2F589011FC6578F00FB75A6 /* PBXTargetDependency */,
			);
			name = CAShapeLayerDemoUITests;
			productName = CAShapeLayerDemoUITests;
			productReference = D2F588FF1FC6578F00FB75A6 /* CAShapeLayerDemoUITests.xctest */;
			productType = "com.apple.product-type.bundle.ui-testing";
		};
/* End PBXNativeTarget section */

/* Begin PBXProject section */
		D2F588D31FC6578F00FB75A6 /* Project object */ = {
			isa = PBXProject;
			attributes = {
				LastUpgradeCheck = 0830;
				ORGANIZATIONNAME = "杜文亮";
				TargetAttributes = {
					D2F588DA1FC6578F00FB75A6 = {
						CreatedOnToolsVersion = 8.3.3;
						ProvisioningStyle = Automatic;
					};
					D2F588F31FC6578F00FB75A6 = {
						CreatedOnToolsVersion = 8.3.3;
						ProvisioningStyle = Automatic;
						TestTargetID = D2F588DA1FC6578F00FB75A6;
					};
					D2F588FE1FC6578F00FB75A6 = {
						CreatedOnToolsVersion = 8.3.3;
						ProvisioningStyle = Automatic;
						TestTargetID = D2F588DA1FC6578F00FB75A6;
					};
				};
			};
			buildConfigurationList = D2F588D61FC6578F00FB75A6 /* Build configuration list for PBXProject "CAShapeLayerDemo" */;
			compatibilityVersion = "Xcode 3.2";
			developmentRegion = English;
			hasScannedForEncodings = 0;
			knownRegions = (
				en,
				Base,
			);
			mainGroup = D2F588D21FC6578F00FB75A6;
			productRefGroup = D2F588DC1FC6578F00FB75A6 /* Products */;
			projectDirPath = "";
			projectRoot = "";
			targets = (
				D2F588DA1FC6578F00FB75A6 /* CAShapeLayerDemo */,
				D2F588F31FC6578F00FB75A6 /* CAShapeLayerDemoTests */,
				D2F588FE1FC6578F00FB75A6 /* CAShapeLayerDemoUITests */,
			);
		};
/* End PBXProject section */

/* Begin PBXResourcesBuildPhase section */
		D2F588D91FC6578F00FB75A6 /* Resources */ = {
			isa = PBXResourcesBuildPhase;
			buildActionMask = 2147483647;
			files = (
				D2F588EE1FC6578F00FB75A6 /* LaunchScreen.storyboard in Resources */,
				D2F588EB1FC6578F00FB75A6 /* Assets.xcassets in Resources */,
				D2F588E91FC6578F00FB75A6 /* Main.storyboard in Resources */,
			);
			runOnlyForDeploymentPostprocessing = 0;
		};
		D2F588F21FC6578F00FB75A6 /* Resources */ = {
			isa = PBXResourcesBuildPhase;
			buildActionMask = 2147483647;
			files = (
			);
			runOnlyForDeploymentPostprocessing = 0;
		};
		D2F588FD1FC6578F00FB75A6 /* Resources */ = {
			isa = PBXResourcesBuildPhase;
			buildActionMask = 2147483647;
			files = (
			);
			runOnlyForDeploymentPostprocessing = 0;
		};
/* End PBXResourcesBuildPhase section */

/* Begin PBXSourcesBuildPhase section */
		D2F588D71FC6578F00FB75A6 /* Sources */ = {
			isa = PBXSourcesBuildPhase;
			buildActionMask = 2147483647;
			files = (
				D2F588E61FC6578F00FB75A6 /* ViewController.m in Sources */,
				D2F588E31FC6578F00FB75A6 /* AppDelegate.m in Sources */,
				D2F588E01FC6578F00FB75A6 /* main.m in Sources */,
			);
			runOnlyForDeploymentPostprocessing = 0;
		};
		D2F588F01FC6578F00FB75A6 /* Sources */ = {
			isa = PBXSourcesBuildPhase;
			buildActionMask = 2147483647;
			files = (
				D2F588F91FC6578F00FB75A6 /* CAShapeLayerDemoTests.m in Sources */,
			);
			runOnlyForDeploymentPostprocessing = 0;
		};
		D2F588FB1FC6578F00FB75A6 /* Sources */ = {
			isa = PBXSourcesBuildPhase;
			buildActionMask = 2147483647;
			files = (
				D2F589041FC6578F00FB75A6 /* CAShapeLayerDemoUITests.m in Sources */,
			);
			runOnlyForDeploymentPostprocessing = 0;
		};
/* End PBXSourcesBuildPhase section */

/* Begin PBXTargetDependency section */
		D2F588F61FC6578F00FB75A6 /* PBXTargetDependency */ = {
			isa = PBXTargetDependency;
			target = D2F588DA1FC6578F00FB75A6 /* CAShapeLayerDemo */;
			targetProxy = D2F588F51FC6578F00FB75A6 /* PBXContainerItemProxy */;
		};
		D2F589011FC6578F00FB75A6 /* PBXTargetDependency */ = {
			isa = PBXTargetDependency;
			target = D2F588DA1FC6578F00FB75A6 /* CAShapeLayerDemo */;
			targetProxy = D2F589001FC6578F00FB75A6 /* PBXContainerItemProxy */;
		};
/* End PBXTargetDependency section */

/* Begin PBXVariantGroup section */
		D2F588E71FC6578F00FB75A6 /* Main.storyboard */ = {
			isa = PBXVariantGroup;
			children = (
				D2F588E81FC6578F00FB75A6 /* Base */,
			);
			name = Main.storyboard;
			sourceTree = "<group>";
		};
		D2F588EC1FC6578F00FB75A6 /* LaunchScreen.storyboard */ = {
			isa = PBXVariantGroup;
			children = (
				D2F588ED1FC6578F00FB75A6 /* Base */,
			);
			name = LaunchScreen.storyboard;
			sourceTree = "<group>";
		};
/* End PBXVariantGroup section */

/* Begin XCBuildConfiguration section */
		D2F589061FC6578F00FB75A6 /* Debug */ = {
			isa = XCBuildConfiguration;
			buildSettings = {
				ALWAYS_SEARCH_USER_PATHS = NO;
				CLANG_ANALYZER_NONNULL = YES;
				CLANG_ANALYZER_NUMBER_OBJECT_CONVERSION = YES_AGGRESSIVE;
				CLANG_CXX_LANGUAGE_STANDARD = "gnu++0x";
				CLANG_CXX_LIBRARY = "libc++";
				CLANG_ENABLE_MODULES = YES;
				CLANG_ENABLE_OBJC_ARC = YES;
				CLANG_WARN_BOOL_CONVERSION = YES;
				CLANG_WARN_CONSTANT_CONVERSION = YES;
				CLANG_WARN_DIRECT_OBJC_ISA_USAGE = YES_ERROR;
				CLANG_WARN_DOCUMENTATION_COMMENTS = YES;
				CLANG_WARN_EMPTY_BODY = YES;
				CLANG_WARN_ENUM_CONVERSION = YES;
				CLANG_WARN_INFINITE_RECURSION = YES;
				CLANG_WARN_INT_CONVERSION = YES;
				CLANG_WARN_OBJC_ROOT_CLASS = YES_ERROR;
				CLANG_WARN_SUSPICIOUS_MOVE = YES;
				CLANG_WARN_UNREACHABLE_CODE = YES;
				CLANG_WARN__DUPLICATE_METHOD_MATCH = YES;
				"CODE_SIGN_IDENTITY[sdk=iphoneos*]" = "iPhone Developer";
				COPY_PHASE_STRIP = NO;
				DEBUG_INFORMATION_FORMAT = dwarf;
				ENABLE_STRICT_OBJC_MSGSEND = YES;
				ENABLE_TESTABILITY = YES;
				GCC_C_LANGUAGE_STANDARD = gnu99;
				GCC_DYNAMIC_NO_PIC = NO;
				GCC_NO_COMMON_BLOCKS = YES;
				GCC_OPTIMIZATION_LEVEL = 0;
				GCC_PREPROCESSOR_DEFINITIONS = (
					"DEBUG=1",
					"$(inherited)",
				);
				GCC_WARN_64_TO_32_BIT_CONVERSION = YES;
				GCC_WARN_ABOUT_RETURN_TYPE = YES_ERROR;
				GCC_WARN_UNDECLARED_SELECTOR = YES;
				GCC_WARN_UNINITIALIZED_AUTOS = YES_AGGRESSIVE;
				GCC_WARN_UNUSED_FUNCTION = YES;
				GCC_WARN_UNUSED_VARIABLE = YES;
				IPHONEOS_DEPLOYMENT_TARGET = 10.3;
				MTL_ENABLE_DEBUG_INFO = YES;
				ONLY_ACTIVE_ARCH = YES;
				SDKROOT = iphoneos;
			};
			name = Debug;
		};
		D2F589071FC6578F00FB75A6 /* Release */ = {
			isa = XCBuildConfiguration;
			buildSettings = {
				ALWAYS_SEARCH_USER_PATHS = NO;
				CLANG_ANALYZER_NONNULL = YES;
				CLANG_ANALYZER_NUMBER_OBJECT_CONVERSION = YES_AGGRESSIVE;
				CLANG_CXX_LANGUAGE_STANDARD = "gnu++0x";
				CLANG_CXX_LIBRARY = "libc++";
				CLANG_ENABLE_MODULES = YES;
				CLANG_ENABLE_OBJC_ARC = YES;
				CLANG_WARN_BOOL_CONVERSION = YES;
				CLANG_WARN_CONSTANT_CONVERSION = YES;
				CLANG_WARN_DIRECT_OBJC_ISA_USAGE = YES_ERROR;
				CLANG_WARN_DOCUMENTATION_COMMENTS = YES;
				CLANG_WARN_EMPTY_BODY = YES;
				CLANG_WARN_ENUM_CONVERSION = YES;
				CLANG_WARN_INFINITE_RECURSION = YES;
				CLANG_WARN_INT_CONVERSION = YES;
				CLANG_WARN_OBJC_ROOT_CLASS = YES_ERROR;
				CLANG_WARN_SUSPICIOUS_MOVE = YES;
				CLANG_WARN_UNREACHABLE_CODE = YES;
				CLANG_WARN__DUPLICATE_METHOD_MATCH = YES;
				"CODE_SIGN_IDENTITY[sdk=iphoneos*]" = "iPhone Developer";
				COPY_PHASE_STRIP = NO;
				DEBUG_INFORMATION_FORMAT = "dwarf-with-dsym";
				ENABLE_NS_ASSERTIONS = NO;
				ENABLE_STRICT_OBJC_MSGSEND = YES;
				GCC_C_LANGUAGE_STANDARD = gnu99;
				GCC_NO_COMMON_BLOCKS = YES;
				GCC_WARN_64_TO_32_BIT_CONVERSION = YES;
				GCC_WARN_ABOUT_RETURN_TYPE = YES_ERROR;
				GCC_WARN_UNDECLARED_SELECTOR = YES;
				GCC_WARN_UNINITIALIZED_AUTOS = YES_AGGRESSIVE;
				GCC_WARN_UNUSED_FUNCTION = YES;
				GCC_WARN_UNUSED_VARIABLE = YES;
				IPHONEOS_DEPLOYMENT_TARGET = 10.3;
				MTL_ENABLE_DEBUG_INFO = NO;
				SDKROOT = iphoneos;
				VALIDATE_PRODUCT = YES;
			};
			name = Release;
		};
		D2F589091FC6578F00FB75A6 /* Debug */ = {
			isa = XCBuildConfiguration;
			buildSettings = {
				ASSETCATALOG_COMPILER_APPICON_NAME = AppIcon;
				INFOPLIST_FILE = CAShapeLayerDemo/Info.plist;
				LD_RUNPATH_SEARCH_PATHS = "$(inherited) @executable_path/Frameworks";
				PRODUCT_BUNDLE_IDENTIFIER = com.du.CAShapeLayerDemo;
				PRODUCT_NAME = "$(TARGET_NAME)";
			};
			name = Debug;
		};
		D2F5890A1FC6578F00FB75A6 /* Release */ = {
			isa = XCBuildConfiguration;
			buildSettings = {
				ASSETCATALOG_COMPILER_APPICON_NAME = AppIcon;
				INFOPLIST_FILE = CAShapeLayerDemo/Info.plist;
				LD_RUNPATH_SEARCH_PATHS = "$(inherited) @executable_path/Frameworks";
				PRODUCT_BUNDLE_IDENTIFIER = com.du.CAShapeLayerDemo;
				PRODUCT_NAME = "$(TARGET_NAME)";
			};
			name = Release;
		};
		D2F5890C1FC6578F00FB75A6 /* Debug */ = {
			isa = XCBuildConfiguration;
			buildSettings = {
				BUNDLE_LOADER = "$(TEST_HOST)";
				INFOPLIST_FILE = CAShapeLayerDemoTests/Info.plist;
				LD_RUNPATH_SEARCH_PATHS = "$(inherited) @executable_path/Frameworks @loader_path/Frameworks";
				PRODUCT_BUNDLE_IDENTIFIER = com.du.CAShapeLayerDemoTests;
				PRODUCT_NAME = "$(TARGET_NAME)";
				TEST_HOST = "$(BUILT_PRODUCTS_DIR)/CAShapeLayerDemo.app/CAShapeLayerDemo";
			};
			name = Debug;
		};
		D2F5890D1FC6578F00FB75A6 /* Release */ = {
			isa = XCBuildConfiguration;
			buildSettings = {
				BUNDLE_LOADER = "$(TEST_HOST)";
				INFOPLIST_FILE = CAShapeLayerDemoTests/Info.plist;
				LD_RUNPATH_SEARCH_PATHS = "$(inherited) @executable_path/Frameworks @loader_path/Frameworks";
				PRODUCT_BUNDLE_IDENTIFIER = com.du.CAShapeLayerDemoTests;
				PRODUCT_NAME = "$(TARGET_NAME)";
				TEST_HOST = "$(BUILT_PRODUCTS_DIR)/CAShapeLayerDemo.app/CAShapeLayerDemo";
			};
			name = Release;
		};
		D2F5890F1FC6578F00FB75A6 /* Debug */ = {
			isa = XCBuildConfiguration;
			buildSettings = {
				INFOPLIST_FILE = CAShapeLayerDemoUITests/Info.plist;
				LD_RUNPATH_SEARCH_PATHS = "$(inherited) @executable_path/Frameworks @loader_path/Frameworks";
				PRODUCT_BUNDLE_IDENTIFIER = com.du.CAShapeLayerDemoUITests;
				PRODUCT_NAME = "$(TARGET_NAME)";
				TEST_TARGET_NAME = CAShapeLayerDemo;
			};
			name = Debug;
		};
		D2F589101FC6578F00FB75A6 /* Release */ = {
			isa = XCBuildConfiguration;
			buildSettings = {
				INFOPLIST_FILE = CAShapeLayerDemoUITests/Info.plist;
				LD_RUNPATH_SEARCH_PATHS = "$(inherited) @executable_path/Frameworks @loader_path/Frameworks";
				PRODUCT_BUNDLE_IDENTIFIER = com.du.CAShapeLayerDemoUITests;
				PRODUCT_NAME = "$(TARGET_NAME)";
				TEST_TARGET_NAME = CAShapeLayerDemo;
			};
			name = Release;
		};
/* End XCBuildConfiguration section */

/* Begin XCConfigurationList section */
		D2F588D61FC6578F00FB75A6 /* Build configuration list for PBXProject "CAShapeLayerDemo" */ = {
			isa = XCConfigurationList;
			buildConfigurations = (
				D2F589061FC6578F00FB75A6 /* Debug */,
				D2F589071FC6578F00FB75A6 /* Release */,
			);
			defaultConfigurationIsVisible = 0;
			defaultConfigurationName = Release;
		};
		D2F589081FC6578F00FB75A6 /* Build configuration list for PBXNativeTarget "CAShapeLayerDemo" */ = {
			isa = XCConfigurationList;
			buildConfigurations = (
				D2F589091FC6578F00FB75A6 /* Debug */,
				D2F5890A1FC6578F00FB75A6 /* Release */,
			);
			defaultConfigurationIsVisible = 0;
		};
		D2F5890B1FC6578F00FB75A6 /* Build configuration list for PBXNativeTarget "CAShapeLayerDemoTests" */ = {
			isa = XCConfigurationList;
			buildConfigurations = (
				D2F5890C1FC6578F00FB75A6 /* Debug */,
				D2F5890D1FC6578F00FB75A6 /* Release */,
			);
			defaultConfigurationIsVisible = 0;
		};
		D2F5890E1FC6578F00FB75A6 /* Build configuration list for PBXNativeTarget "CAShapeLayerDemoUITests" */ = {
			isa = XCConfigurationList;
			buildConfigurations = (
				D2F5890F1FC6578F00FB75A6 /* Debug */,
				D2F589101FC6578F00FB75A6 /* Release */,
			);
			defaultConfigurationIsVisible = 0;
		};
/* End XCConfigurationList section */
	};
	rootObject = D2F588D31FC6578F00FB75A6 /* Project object */;
}
